PODS:
  - GrammarKit (1.0.2):
    - SwiftyUTType (~> 1.0)
  - SwiftyUTType (1.0.3)

DEPENDENCIES:
  - GrammarKit (from `../../../`)

SPEC REPOS:
  trunk:
    - SwiftyUTType

EXTERNAL SOURCES:
  GrammarKit:
    :path: "../../../"

SPEC CHECKSUMS:
  GrammarKit: 11521d0d80aeafd27f9be43fc08745f65cfc6200
  SwiftyUTType: 865cf090ab1a58a0fe8c5e9cbbcf56749e67abdd

PODFILE CHECKSUM: b17df77fd1fbb838f9f7494acef530549d25ede1

COCOAPODS: 1.9.1
