PODS:
  - GrammarKit (1.0.3):
    - SwiftyUTType (~> 1.0)
  - SwiftyUTType (1.0.3)

DEPENDENCIES:
  - GrammarKit (from `../../../`)

SPEC REPOS:
  trunk:
    - SwiftyUTType

EXTERNAL SOURCES:
  GrammarKit:
    :path: "../../../"

SPEC CHECKSUMS:
  GrammarKit: 899e6b950ebe88d0ec12ca9b4c2ce9488aad4c5c
  SwiftyUTType: 865cf090ab1a58a0fe8c5e9cbbcf56749e67abdd

PODFILE CHECKSUM: b17df77fd1fbb838f9f7494acef530549d25ede1

COCOAPODS: 1.9.1
